
Microsoft Visual Studio Solution File, Format Version 12.00
# Visual Studio Version 17
VisualStudioVersion = 17.1.32328.378
MinimumVisualStudioVersion = 10.0.40219.1
Project("{8BC9CEB8-8B4A-11D0-8D11-00A0C91BC942}") = "PG3_1_1", "PG3_1_1.vcxproj", "{3A5684CD-AD12-4566-811A-ADC6C47007B4}"
EndProject
Project("{8BC9CEB8-8B4A-11D0-8D11-00A0C91BC942}") = "PG3_1_2", "..\PG3_1_2\PG3_1_2.vcxproj", "{C02F6543-E3BA-44FA-A4A3-DB83DEFAA673}"
EndProject
Project("{8BC9CEB8-8B4A-11D0-8D11-00A0C91BC942}") = "PG3_1_3", "..\PG3_1_3\PG3_1_3.vcxproj", "{E28D0002-2458-4B64-84D3-6FFB833B1DB1}"
EndProject
Project("{8BC9CEB8-8B4A-11D0-8D11-00A0C91BC942}") = "PG3_1_4", "..\PG3_2_1\PG3_2_1.vcxproj", "{D5B876D6-0891-48E4-B5B7-AAF224FB58FC}"
EndProject
Project("{8BC9CEB8-8B4A-11D0-8D11-00A0C91BC942}") = "PG3_2_1_STLとコンテナクラス", "..\PG3_2_1_STLとコンテナクラス\PG3_2_1_STLとコンテナクラス.vcxproj", "{024B4FA5-9932-4472-9E87-7B6791EA51B6}"
EndProject
Project("{8BC9CEB8-8B4A-11D0-8D11-00A0C91BC942}") = "PG3_2_2単方向リスト", "..\PG3_2_2単方向リスト\PG3_2_2単方向リスト.vcxproj", "{03279FFD-0251-479A-8B07-17C4D2F84D89}"
EndProject
Global
	GlobalSection(SolutionConfigurationPlatforms) = preSolution
		Debug|x64 = Debug|x64
		Debug|x86 = Debug|x86
		Release|x64 = Release|x64
		Release|x86 = Release|x86
	EndGlobalSection
	GlobalSection(ProjectConfigurationPlatforms) = postSolution
		{3A5684CD-AD12-4566-811A-ADC6C47007B4}.Debug|x64.ActiveCfg = Debug|x64
		{3A5684CD-AD12-4566-811A-ADC6C47007B4}.Debug|x64.Build.0 = Debug|x64
		{3A5684CD-AD12-4566-811A-ADC6C47007B4}.Debug|x86.ActiveCfg = Debug|Win32
		{3A5684CD-AD12-4566-811A-ADC6C47007B4}.Debug|x86.Build.0 = Debug|Win32
		{3A5684CD-AD12-4566-811A-ADC6C47007B4}.Release|x64.ActiveCfg = Release|x64
		{3A5684CD-AD12-4566-811A-ADC6C47007B4}.Release|x64.Build.0 = Release|x64
		{3A5684CD-AD12-4566-811A-ADC6C47007B4}.Release|x86.ActiveCfg = Release|Win32
		{3A5684CD-AD12-4566-811A-ADC6C47007B4}.Release|x86.Build.0 = Release|Win32
		{C02F6543-E3BA-44FA-A4A3-DB83DEFAA673}.Debug|x64.ActiveCfg = Debug|x64
		{C02F6543-E3BA-44FA-A4A3-DB83DEFAA673}.Debug|x64.Build.0 = Debug|x64
		{C02F6543-E3BA-44FA-A4A3-DB83DEFAA673}.Debug|x86.ActiveCfg = Debug|Win32
		{C02F6543-E3BA-44FA-A4A3-DB83DEFAA673}.Debug|x86.Build.0 = Debug|Win32
		{C02F6543-E3BA-44FA-A4A3-DB83DEFAA673}.Release|x64.ActiveCfg = Release|x64
		{C02F6543-E3BA-44FA-A4A3-DB83DEFAA673}.Release|x64.Build.0 = Release|x64
		{C02F6543-E3BA-44FA-A4A3-DB83DEFAA673}.Release|x86.ActiveCfg = Release|Win32
		{C02F6543-E3BA-44FA-A4A3-DB83DEFAA673}.Release|x86.Build.0 = Release|Win32
		{E28D0002-2458-4B64-84D3-6FFB833B1DB1}.Debug|x64.ActiveCfg = Debug|x64
		{E28D0002-2458-4B64-84D3-6FFB833B1DB1}.Debug|x64.Build.0 = Debug|x64
		{E28D0002-2458-4B64-84D3-6FFB833B1DB1}.Debug|x86.ActiveCfg = Debug|Win32
		{E28D0002-2458-4B64-84D3-6FFB833B1DB1}.Debug|x86.Build.0 = Debug|Win32
		{E28D0002-2458-4B64-84D3-6FFB833B1DB1}.Release|x64.ActiveCfg = Release|x64
		{E28D0002-2458-4B64-84D3-6FFB833B1DB1}.Release|x64.Build.0 = Release|x64
		{E28D0002-2458-4B64-84D3-6FFB833B1DB1}.Release|x86.ActiveCfg = Release|Win32
		{E28D0002-2458-4B64-84D3-6FFB833B1DB1}.Release|x86.Build.0 = Release|Win32
		{D5B876D6-0891-48E4-B5B7-AAF224FB58FC}.Debug|x64.ActiveCfg = Debug|x64
		{D5B876D6-0891-48E4-B5B7-AAF224FB58FC}.Debug|x64.Build.0 = Debug|x64
		{D5B876D6-0891-48E4-B5B7-AAF224FB58FC}.Debug|x86.ActiveCfg = Debug|Win32
		{D5B876D6-0891-48E4-B5B7-AAF224FB58FC}.Debug|x86.Build.0 = Debug|Win32
		{D5B876D6-0891-48E4-B5B7-AAF224FB58FC}.Release|x64.ActiveCfg = Release|x64
		{D5B876D6-0891-48E4-B5B7-AAF224FB58FC}.Release|x64.Build.0 = Release|x64
		{D5B876D6-0891-48E4-B5B7-AAF224FB58FC}.Release|x86.ActiveCfg = Release|Win32
		{D5B876D6-0891-48E4-B5B7-AAF224FB58FC}.Release|x86.Build.0 = Release|Win32
		{024B4FA5-9932-4472-9E87-7B6791EA51B6}.Debug|x64.ActiveCfg = Debug|x64
		{024B4FA5-9932-4472-9E87-7B6791EA51B6}.Debug|x64.Build.0 = Debug|x64
		{024B4FA5-9932-4472-9E87-7B6791EA51B6}.Debug|x86.ActiveCfg = Debug|Win32
		{024B4FA5-9932-4472-9E87-7B6791EA51B6}.Debug|x86.Build.0 = Debug|Win32
		{024B4FA5-9932-4472-9E87-7B6791EA51B6}.Release|x64.ActiveCfg = Release|x64
		{024B4FA5-9932-4472-9E87-7B6791EA51B6}.Release|x64.Build.0 = Release|x64
		{024B4FA5-9932-4472-9E87-7B6791EA51B6}.Release|x86.ActiveCfg = Release|Win32
		{024B4FA5-9932-4472-9E87-7B6791EA51B6}.Release|x86.Build.0 = Release|Win32
		{03279FFD-0251-479A-8B07-17C4D2F84D89}.Debug|x64.ActiveCfg = Debug|x64
		{03279FFD-0251-479A-8B07-17C4D2F84D89}.Debug|x64.Build.0 = Debug|x64
		{03279FFD-0251-479A-8B07-17C4D2F84D89}.Debug|x86.ActiveCfg = Debug|Win32
		{03279FFD-0251-479A-8B07-17C4D2F84D89}.Debug|x86.Build.0 = Debug|Win32
		{03279FFD-0251-479A-8B07-17C4D2F84D89}.Release|x64.ActiveCfg = Release|x64
		{03279FFD-0251-479A-8B07-17C4D2F84D89}.Release|x64.Build.0 = Release|x64
		{03279FFD-0251-479A-8B07-17C4D2F84D89}.Release|x86.ActiveCfg = Release|Win32
		{03279FFD-0251-479A-8B07-17C4D2F84D89}.Release|x86.Build.0 = Release|Win32
	EndGlobalSection
	GlobalSection(SolutionProperties) = preSolution
		HideSolutionNode = FALSE
	EndGlobalSection
	GlobalSection(ExtensibilityGlobals) = postSolution
		SolutionGuid = {1B9F758E-12B1-4C76-97E1-B858D513A35E}
	EndGlobalSection
EndGlobal
